
Microsoft Visual Studio Solution File, Format Version 12.00
# Visual Studio Version 16
VisualStudioVersion = 16.0.32126.315
MinimumVisualStudioVersion = 10.0.40219.1
Project("{FAE04EC0-301F-11D3-BF4B-00C04F79EFBC}") = "AndreyMatveewDZ06", "AndreyMatveewDZ06\AndreyMatveewDZ06.csproj", "{31F99C70-519E-4830-BA18-AA90DF87687F}"
EndProject
Global
	GlobalSection(SolutionConfigurationPlatforms) = preSolution
		Debug|Any CPU = Debug|Any CPU
		Release|Any CPU = Release|Any CPU
	EndGlobalSection
	GlobalSection(ProjectConfigurationPlatforms) = postSolution
		{31F99C70-519E-4830-BA18-AA90DF87687F}.Debug|Any CPU.ActiveCfg = Debug|Any CPU
		{31F99C70-519E-4830-BA18-AA90DF87687F}.Debug|Any CPU.Build.0 = Debug|Any CPU
		{31F99C70-519E-4830-BA18-AA90DF87687F}.Release|Any CPU.ActiveCfg = Release|Any CPU
		{31F99C70-519E-4830-BA18-AA90DF87687F}.Release|Any CPU.Build.0 = Release|Any CPU
	EndGlobalSection
	GlobalSection(SolutionProperties) = preSolution
		HideSolutionNode = FALSE
	EndGlobalSection
	GlobalSection(ExtensibilityGlobals) = postSolution
		SolutionGuid = {C8C5F3FF-94E8-4713-9519-D68A0F151A40}
	EndGlobalSection
EndGlobal
