
Microsoft Visual Studio Solution File, Format Version 12.00
# Visual Studio Version 16
VisualStudioVersion = 16.0.31229.75
MinimumVisualStudioVersion = 10.0.40219.1
Project("{FAE04EC0-301F-11D3-BF4B-00C04F79EFBC}") = "AndreyMatveewDZ01", "AndreyMatveewDZ01\AndreyMatveewDZ01.csproj", "{894BCBE4-2CF0-4DA0-985B-8527530EE02D}"
EndProject
Project("{FAE04EC0-301F-11D3-BF4B-00C04F79EFBC}") = "EmailsEF", "EmailsEF\EmailsEF.csproj", "{2E1BF517-23CF-4C10-8E35-E84C719130E9}"
EndProject
Project("{FAE04EC0-301F-11D3-BF4B-00C04F79EFBC}") = "UnitTests", "UnitTests\UnitTests.csproj", "{EC4794EC-C19A-43E4-A432-3A71B3373631}"
EndProject
Global
	GlobalSection(SolutionConfigurationPlatforms) = preSolution
		Debug|Any CPU = Debug|Any CPU
		Release|Any CPU = Release|Any CPU
	EndGlobalSection
	GlobalSection(ProjectConfigurationPlatforms) = postSolution
		{894BCBE4-2CF0-4DA0-985B-8527530EE02D}.Debug|Any CPU.ActiveCfg = Debug|Any CPU
		{894BCBE4-2CF0-4DA0-985B-8527530EE02D}.Debug|Any CPU.Build.0 = Debug|Any CPU
		{894BCBE4-2CF0-4DA0-985B-8527530EE02D}.Release|Any CPU.ActiveCfg = Release|Any CPU
		{894BCBE4-2CF0-4DA0-985B-8527530EE02D}.Release|Any CPU.Build.0 = Release|Any CPU
		{2E1BF517-23CF-4C10-8E35-E84C719130E9}.Debug|Any CPU.ActiveCfg = Debug|Any CPU
		{2E1BF517-23CF-4C10-8E35-E84C719130E9}.Debug|Any CPU.Build.0 = Debug|Any CPU
		{2E1BF517-23CF-4C10-8E35-E84C719130E9}.Release|Any CPU.ActiveCfg = Release|Any CPU
		{2E1BF517-23CF-4C10-8E35-E84C719130E9}.Release|Any CPU.Build.0 = Release|Any CPU
		{EC4794EC-C19A-43E4-A432-3A71B3373631}.Debug|Any CPU.ActiveCfg = Debug|Any CPU
		{EC4794EC-C19A-43E4-A432-3A71B3373631}.Debug|Any CPU.Build.0 = Debug|Any CPU
		{EC4794EC-C19A-43E4-A432-3A71B3373631}.Release|Any CPU.ActiveCfg = Release|Any CPU
		{EC4794EC-C19A-43E4-A432-3A71B3373631}.Release|Any CPU.Build.0 = Release|Any CPU
	EndGlobalSection
	GlobalSection(SolutionProperties) = preSolution
		HideSolutionNode = FALSE
	EndGlobalSection
	GlobalSection(ExtensibilityGlobals) = postSolution
		SolutionGuid = {F864201F-29A7-4261-896A-7C8E3FE6DEDF}
	EndGlobalSection
EndGlobal
